
Microsoft Visual Studio Solution File, Format Version 12.00
# Visual Studio Version 17
VisualStudioVersion = 17.9.34714.143
MinimumVisualStudioVersion = 10.0.40219.1
Project("{FAE04EC0-301F-11D3-BF4B-00C04F79EFBC}") = "HNGBackendOne", "HNGBackendOne\HNGBackendOne.csproj", "{6DB3539D-A328-4EC5-932F-8ADE89B56094}"
EndProject
Global
	GlobalSection(SolutionConfigurationPlatforms) = preSolution
		Debug|Any CPU = Debug|Any CPU
		Release|Any CPU = Release|Any CPU
	EndGlobalSection
	GlobalSection(ProjectConfigurationPlatforms) = postSolution
		{6DB3539D-A328-4EC5-932F-8ADE89B56094}.Debug|Any CPU.ActiveCfg = Debug|Any CPU
		{6DB3539D-A328-4EC5-932F-8ADE89B56094}.Debug|Any CPU.Build.0 = Debug|Any CPU
		{6DB3539D-A328-4EC5-932F-8ADE89B56094}.Release|Any CPU.ActiveCfg = Release|Any CPU
		{6DB3539D-A328-4EC5-932F-8ADE89B56094}.Release|Any CPU.Build.0 = Release|Any CPU
	EndGlobalSection
	GlobalSection(SolutionProperties) = preSolution
		HideSolutionNode = FALSE
	EndGlobalSection
	GlobalSection(ExtensibilityGlobals) = postSolution
		SolutionGuid = {FF17CE59-D534-4DB0-9359-81BA9E652D6A}
	EndGlobalSection
EndGlobal
